// !$*UTF8*$!
{
	archiveVersion = 1;
	classes = {
	};
	objectVersion = 46;
	objects = {

/* Begin PBXBuildFile section */
		B22C4110197CC1BF00FE42F2 /* main.m in Sources */ = {isa = PBXBuildFile; fileRef = B22C410F197CC1BF00FE42F2 /* main.m */; };
		B22C4113197CC1BF00FE42F2 /* AppDelegate.m in Sources */ = {isa = PBXBuildFile; fileRef = B22C4112197CC1BF00FE42F2 /* AppDelegate.m */; };
		B22C4115197CC1BF00FE42F2 /* Images.xcassets in Resources */ = {isa = PBXBuildFile; fileRef = B22C4114197CC1BF00FE42F2 /* Images.xcassets */; };
		B22C4121197CC1BF00FE42F2 /* ToDoListTests.m in Sources */ = {isa = PBXBuildFile; fileRef = B22C4120197CC1BF00FE42F2 /* ToDoListTests.m */; };
		B22C412B197CC67600FE42F2 /* Main.storyboard in Resources */ = {isa = PBXBuildFile; fileRef = B22C412A197CC67600FE42F2 /* Main.storyboard */; };
		B2A99C34197D1D4900D96D63 /* HNCAddToDoItemViewController.m in Sources */ = {isa = PBXBuildFile; fileRef = B2A99C32197D1D4900D96D63 /* HNCAddToDoItemViewController.m */; };
		B2A99C35197D1D4900D96D63 /* HNCAddToDoItemViewController.xib in Resources */ = {isa = PBXBuildFile; fileRef = B2A99C33197D1D4900D96D63 /* HNCAddToDoItemViewController.xib */; };
		B2A99C39197D1DAF00D96D63 /* HNCToDoListTableViewController.m in Sources */ = {isa = PBXBuildFile; fileRef = B2A99C37197D1DAF00D96D63 /* HNCToDoListTableViewController.m */; };
		B2A99C3A197D1DAF00D96D63 /* HNCToDoListTableViewController.xib in Resources */ = {isa = PBXBuildFile; fileRef = B2A99C38197D1DAF00D96D63 /* HNCToDoListTableViewController.xib */; };
		B2A99C3D197D2D8600D96D63 /* HNCToDoItem.m in Sources */ = {isa = PBXBuildFile; fileRef = B2A99C3C197D2D8600D96D63 /* HNCToDoItem.m */; };
/* End PBXBuildFile section */

/* Begin PBXContainerItemProxy section */
		B22C411B197CC1BF00FE42F2 /* PBXContainerItemProxy */ = {
			isa = PBXContainerItemProxy;
			containerPortal = B22C4102197CC1BE00FE42F2 /* Project object */;
			proxyType = 1;
			remoteGlobalIDString = B22C4109197CC1BE00FE42F2;
			remoteInfo = ToDoList;
		};
/* End PBXContainerItemProxy section */

/* Begin PBXFileReference section */
		B22C410A197CC1BF00FE42F2 /* ToDoList.app */ = {isa = PBXFileReference; explicitFileType = wrapper.application; includeInIndex = 0; path = ToDoList.app; sourceTree = BUILT_PRODUCTS_DIR; };
		B22C410E197CC1BF00FE42F2 /* Info.plist */ = {isa = PBXFileReference; lastKnownFileType = text.plist.xml; path = Info.plist; sourceTree = "<group>"; };
		B22C410F197CC1BF00FE42F2 /* main.m */ = {isa = PBXFileReference; lastKnownFileType = sourcecode.c.objc; path = main.m; sourceTree = "<group>"; };
		B22C4111197CC1BF00FE42F2 /* AppDelegate.h */ = {isa = PBXFileReference; lastKnownFileType = sourcecode.c.h; path = AppDelegate.h; sourceTree = "<group>"; };
		B22C4112197CC1BF00FE42F2 /* AppDelegate.m */ = {isa = PBXFileReference; lastKnownFileType = sourcecode.c.objc; path = AppDelegate.m; sourceTree = "<group>"; };
		B22C4114197CC1BF00FE42F2 /* Images.xcassets */ = {isa = PBXFileReference; lastKnownFileType = folder.assetcatalog; path = Images.xcassets; sourceTree = "<group>"; };
		B22C411A197CC1BF00FE42F2 /* ToDoListTests.xctest */ = {isa = PBXFileReference; explicitFileType = wrapper.cfbundle; includeInIndex = 0; path = ToDoListTests.xctest; sourceTree = BUILT_PRODUCTS_DIR; };
		B22C411F197CC1BF00FE42F2 /* Info.plist */ = {isa = PBXFileReference; lastKnownFileType = text.plist.xml; path = Info.plist; sourceTree = "<group>"; };
		B22C4120197CC1BF00FE42F2 /* ToDoListTests.m */ = {isa = PBXFileReference; lastKnownFileType = sourcecode.c.objc; path = ToDoListTests.m; sourceTree = "<group>"; };
		B22C412A197CC67600FE42F2 /* Main.storyboard */ = {isa = PBXFileReference; fileEncoding = 4; lastKnownFileType = file.storyboard; path = Main.storyboard; sourceTree = "<group>"; };
		B2A99C31197D1D4900D96D63 /* HNCAddToDoItemViewController.h */ = {isa = PBXFileReference; fileEncoding = 4; lastKnownFileType = sourcecode.c.h; path = HNCAddToDoItemViewController.h; sourceTree = "<group>"; };
		B2A99C32197D1D4900D96D63 /* HNCAddToDoItemViewController.m */ = {isa = PBXFileReference; fileEncoding = 4; lastKnownFileType = sourcecode.c.objc; path = HNCAddToDoItemViewController.m; sourceTree = "<group>"; };
		B2A99C33197D1D4900D96D63 /* HNCAddToDoItemViewController.xib */ = {isa = PBXFileReference; fileEncoding = 4; lastKnownFileType = file.xib; path = HNCAddToDoItemViewController.xib; sourceTree = "<group>"; };
		B2A99C36197D1DAF00D96D63 /* HNCToDoListTableViewController.h */ = {isa = PBXFileReference; fileEncoding = 4; lastKnownFileType = sourcecode.c.h; path = HNCToDoListTableViewController.h; sourceTree = "<group>"; };
		B2A99C37197D1DAF00D96D63 /* HNCToDoListTableViewController.m */ = {isa = PBXFileReference; fileEncoding = 4; lastKnownFileType = sourcecode.c.objc; path = HNCToDoListTableViewController.m; sourceTree = "<group>"; };
		B2A99C38197D1DAF00D96D63 /* HNCToDoListTableViewController.xib */ = {isa = PBXFileReference; fileEncoding = 4; lastKnownFileType = file.xib; path = HNCToDoListTableViewController.xib; sourceTree = "<group>"; };
		B2A99C3B197D2D8600D96D63 /* HNCToDoItem.h */ = {isa = PBXFileReference; fileEncoding = 4; lastKnownFileType = sourcecode.c.h; path = HNCToDoItem.h; sourceTree = "<group>"; };
		B2A99C3C197D2D8600D96D63 /* HNCToDoItem.m */ = {isa = PBXFileReference; fileEncoding = 4; lastKnownFileType = sourcecode.c.objc; path = HNCToDoItem.m; sourceTree = "<group>"; };
/* End PBXFileReference section */

/* Begin PBXFrameworksBuildPhase section */
		B22C4107197CC1BE00FE42F2 /* Frameworks */ = {
			isa = PBXFrameworksBuildPhase;
			buildActionMask = 2147483647;
			files = (
			);
			runOnlyForDeploymentPostprocessing = 0;
		};
		B22C4117197CC1BF00FE42F2 /* Frameworks */ = {
			isa = PBXFrameworksBuildPhase;
			buildActionMask = 2147483647;
			files = (
			);
			runOnlyForDeploymentPostprocessing = 0;
		};
/* End PBXFrameworksBuildPhase section */

/* Begin PBXGroup section */
		B22C4101197CC1BE00FE42F2 = {
			isa = PBXGroup;
			children = (
				B2A99C3B197D2D8600D96D63 /* HNCToDoItem.h */,
				B2A99C3C197D2D8600D96D63 /* HNCToDoItem.m */,
				B2A99C31197D1D4900D96D63 /* HNCAddToDoItemViewController.h */,
				B2A99C32197D1D4900D96D63 /* HNCAddToDoItemViewController.m */,
				B2A99C33197D1D4900D96D63 /* HNCAddToDoItemViewController.xib */,
				B22C412A197CC67600FE42F2 /* Main.storyboard */,
				B2A99C36197D1DAF00D96D63 /* HNCToDoListTableViewController.h */,
				B2A99C37197D1DAF00D96D63 /* HNCToDoListTableViewController.m */,
				B2A99C38197D1DAF00D96D63 /* HNCToDoListTableViewController.xib */,
				B22C410C197CC1BF00FE42F2 /* ToDoList */,
				B22C411D197CC1BF00FE42F2 /* ToDoListTests */,
				B22C410B197CC1BF00FE42F2 /* Products */,
			);
			sourceTree = "<group>";
		};
		B22C410B197CC1BF00FE42F2 /* Products */ = {
			isa = PBXGroup;
			children = (
				B22C410A197CC1BF00FE42F2 /* ToDoList.app */,
				B22C411A197CC1BF00FE42F2 /* ToDoListTests.xctest */,
			);
			name = Products;
			sourceTree = "<group>";
		};
		B22C410C197CC1BF00FE42F2 /* ToDoList */ = {
			isa = PBXGroup;
			children = (
				B22C4111197CC1BF00FE42F2 /* AppDelegate.h */,
				B22C4112197CC1BF00FE42F2 /* AppDelegate.m */,
				B22C4114197CC1BF00FE42F2 /* Images.xcassets */,
				B22C410D197CC1BF00FE42F2 /* Supporting Files */,
			);
			path = ToDoList;
			sourceTree = "<group>";
		};
		B22C410D197CC1BF00FE42F2 /* Supporting Files */ = {
			isa = PBXGroup;
			children = (
				B22C410E197CC1BF00FE42F2 /* Info.plist */,
				B22C410F197CC1BF00FE42F2 /* main.m */,
			);
			name = "Supporting Files";
			sourceTree = "<group>";
		};
		B22C411D197CC1BF00FE42F2 /* ToDoListTests */ = {
			isa = PBXGroup;
			children = (
				B22C4120197CC1BF00FE42F2 /* ToDoListTests.m */,
				B22C411E197CC1BF00FE42F2 /* Supporting Files */,
			);
			path = ToDoListTests;
			sourceTree = "<group>";
		};
		B22C411E197CC1BF00FE42F2 /* Supporting Files */ = {
			isa = PBXGroup;
			children = (
				B22C411F197CC1BF00FE42F2 /* Info.plist */,
			);
			name = "Supporting Files";
			sourceTree = "<group>";
		};
/* End PBXGroup section */

/* Begin PBXNativeTarget section */
		B22C4109197CC1BE00FE42F2 /* ToDoList */ = {
			isa = PBXNativeTarget;
			buildConfigurationList = B22C4124197CC1BF00FE42F2 /* Build configuration list for PBXNativeTarget "ToDoList" */;
			buildPhases = (
				B22C4106197CC1BE00FE42F2 /* Sources */,
				B22C4107197CC1BE00FE42F2 /* Frameworks */,
				B22C4108197CC1BE00FE42F2 /* Resources */,
			);
			buildRules = (
			);
			dependencies = (
			);
			name = ToDoList;
			productName = ToDoList;
			productReference = B22C410A197CC1BF00FE42F2 /* ToDoList.app */;
			productType = "com.apple.product-type.application";
		};
		B22C4119197CC1BF00FE42F2 /* ToDoListTests */ = {
			isa = PBXNativeTarget;
			buildConfigurationList = B22C4127197CC1BF00FE42F2 /* Build configuration list for PBXNativeTarget "ToDoListTests" */;
			buildPhases = (
				B22C4116197CC1BF00FE42F2 /* Sources */,
				B22C4117197CC1BF00FE42F2 /* Frameworks */,
				B22C4118197CC1BF00FE42F2 /* Resources */,
			);
			buildRules = (
			);
			dependencies = (
				B22C411C197CC1BF00FE42F2 /* PBXTargetDependency */,
			);
			name = ToDoListTests;
			productName = ToDoListTests;
			productReference = B22C411A197CC1BF00FE42F2 /* ToDoListTests.xctest */;
			productType = "com.apple.product-type.bundle.unit-test";
		};
/* End PBXNativeTarget section */

/* Begin PBXProject section */
		B22C4102197CC1BE00FE42F2 /* Project object */ = {
			isa = PBXProject;
			attributes = {
				LastUpgradeCheck = 0600;
				ORGANIZATIONNAME = "Seiei Higa";
				TargetAttributes = {
					B22C4109197CC1BE00FE42F2 = {
						CreatedOnToolsVersion = 6.0;
						DevelopmentTeam = 7738AW2H2Z;
					};
					B22C4119197CC1BF00FE42F2 = {
						CreatedOnToolsVersion = 6.0;
						TestTargetID = B22C4109197CC1BE00FE42F2;
					};
				};
			};
			buildConfigurationList = B22C4105197CC1BE00FE42F2 /* Build configuration list for PBXProject "ToDoList" */;
			compatibilityVersion = "Xcode 3.2";
			developmentRegion = English;
			hasScannedForEncodings = 0;
			knownRegions = (
				en,
			);
			mainGroup = B22C4101197CC1BE00FE42F2;
			productRefGroup = B22C410B197CC1BF00FE42F2 /* Products */;
			projectDirPath = "";
			projectRoot = "";
			targets = (
				B22C4109197CC1BE00FE42F2 /* ToDoList */,
				B22C4119197CC1BF00FE42F2 /* ToDoListTests */,
			);
		};
/* End PBXProject section */

/* Begin PBXResourcesBuildPhase section */
		B22C4108197CC1BE00FE42F2 /* Resources */ = {
			isa = PBXResourcesBuildPhase;
			buildActionMask = 2147483647;
			files = (
				B22C4115197CC1BF00FE42F2 /* Images.xcassets in Resources */,
				B2A99C3A197D1DAF00D96D63 /* HNCToDoListTableViewController.xib in Resources */,
				B22C412B197CC67600FE42F2 /* Main.storyboard in Resources */,
				B2A99C35197D1D4900D96D63 /* HNCAddToDoItemViewController.xib in Resources */,
			);
			runOnlyForDeploymentPostprocessing = 0;
		};
		B22C4118197CC1BF00FE42F2 /* Resources */ = {
			isa = PBXResourcesBuildPhase;
			buildActionMask = 2147483647;
			files = (
			);
			runOnlyForDeploymentPostprocessing = 0;
		};
/* End PBXResourcesBuildPhase section */

/* Begin PBXSourcesBuildPhase section */
		B22C4106197CC1BE00FE42F2 /* Sources */ = {
			isa = PBXSourcesBuildPhase;
			buildActionMask = 2147483647;
			files = (
				B2A99C34197D1D4900D96D63 /* HNCAddToDoItemViewController.m in Sources */,
				B2A99C3D197D2D8600D96D63 /* HNCToDoItem.m in Sources */,
				B22C4113197CC1BF00FE42F2 /* AppDelegate.m in Sources */,
				B2A99C39197D1DAF00D96D63 /* HNCToDoListTableViewController.m in Sources */,
				B22C4110197CC1BF00FE42F2 /* main.m in Sources */,
			);
			runOnlyForDeploymentPostprocessing = 0;
		};
		B22C4116197CC1BF00FE42F2 /* Sources */ = {
			isa = PBXSourcesBuildPhase;
			buildActionMask = 2147483647;
			files = (
				B22C4121197CC1BF00FE42F2 /* ToDoListTests.m in Sources */,
			);
			runOnlyForDeploymentPostprocessing = 0;
		};
/* End PBXSourcesBuildPhase section */

/* Begin PBXTargetDependency section */
		B22C411C197CC1BF00FE42F2 /* PBXTargetDependency */ = {
			isa = PBXTargetDependency;
			target = B22C4109197CC1BE00FE42F2 /* ToDoList */;
			targetProxy = B22C411B197CC1BF00FE42F2 /* PBXContainerItemProxy */;
		};
/* End PBXTargetDependency section */

/* Begin XCBuildConfiguration section */
		B22C4122197CC1BF00FE42F2 /* Debug */ = {
			isa = XCBuildConfiguration;
			buildSettings = {
				ALWAYS_SEARCH_USER_PATHS = NO;
				CLANG_CXX_LANGUAGE_STANDARD = "gnu++0x";
				CLANG_CXX_LIBRARY = "libc++";
				CLANG_ENABLE_MODULES = YES;
				CLANG_ENABLE_OBJC_ARC = YES;
				CLANG_WARN_BOOL_CONVERSION = YES;
				CLANG_WARN_CONSTANT_CONVERSION = YES;
				CLANG_WARN_DIRECT_OBJC_ISA_USAGE = YES_ERROR;
				CLANG_WARN_EMPTY_BODY = YES;
				CLANG_WARN_ENUM_CONVERSION = YES;
				CLANG_WARN_INT_CONVERSION = YES;
				CLANG_WARN_OBJC_ROOT_CLASS = YES_ERROR;
				CLANG_WARN_UNREACHABLE_CODE = YES;
				CLANG_WARN__DUPLICATE_METHOD_MATCH = YES;
				"CODE_SIGN_IDENTITY[sdk=iphoneos*]" = "iPhone Developer";
				COPY_PHASE_STRIP = NO;
				ENABLE_STRICT_OBJC_MSGSEND = YES;
				GCC_C_LANGUAGE_STANDARD = gnu99;
				GCC_DYNAMIC_NO_PIC = NO;
				GCC_OPTIMIZATION_LEVEL = 0;
				GCC_PREPROCESSOR_DEFINITIONS = (
					"DEBUG=1",
					"$(inherited)",
				);
				GCC_SYMBOLS_PRIVATE_EXTERN = NO;
				GCC_WARN_64_TO_32_BIT_CONVERSION = YES;
				GCC_WARN_ABOUT_RETURN_TYPE = YES_ERROR;
				GCC_WARN_UNDECLARED_SELECTOR = YES;
				GCC_WARN_UNINITIALIZED_AUTOS = YES_AGGRESSIVE;
				GCC_WARN_UNUSED_FUNCTION = YES;
				GCC_WARN_UNUSED_VARIABLE = YES;
				IPHONEOS_DEPLOYMENT_TARGET = 7.1;
				METAL_ENABLE_DEBUG_INFO = YES;
				ONLY_ACTIVE_ARCH = YES;
				SDKROOT = iphoneos;
			};
			name = Debug;
		};
		B22C4123197CC1BF00FE42F2 /* Release */ = {
			isa = XCBuildConfiguration;
			buildSettings = {
				ALWAYS_SEARCH_USER_PATHS = NO;
				CLANG_CXX_LANGUAGE_STANDARD = "gnu++0x";
				CLANG_CXX_LIBRARY = "libc++";
				CLANG_ENABLE_MODULES = YES;
				CLANG_ENABLE_OBJC_ARC = YES;
				CLANG_WARN_BOOL_CONVERSION = YES;
				CLANG_WARN_CONSTANT_CONVERSION = YES;
				CLANG_WARN_DIRECT_OBJC_ISA_USAGE = YES_ERROR;
				CLANG_WARN_EMPTY_BODY = YES;
				CLANG_WARN_ENUM_CONVERSION = YES;
				CLANG_WARN_INT_CONVERSION = YES;
				CLANG_WARN_OBJC_ROOT_CLASS = YES_ERROR;
				CLANG_WARN_UNREACHABLE_CODE = YES;
				CLANG_WARN__DUPLICATE_METHOD_MATCH = YES;
				"CODE_SIGN_IDENTITY[sdk=iphoneos*]" = "iPhone Developer";
				COPY_PHASE_STRIP = YES;
				ENABLE_NS_ASSERTIONS = NO;
				ENABLE_STRICT_OBJC_MSGSEND = YES;
				GCC_C_LANGUAGE_STANDARD = gnu99;
				GCC_WARN_64_TO_32_BIT_CONVERSION = YES;
				GCC_WARN_ABOUT_RETURN_TYPE = YES_ERROR;
				GCC_WARN_UNDECLARED_SELECTOR = YES;
				GCC_WARN_UNINITIALIZED_AUTOS = YES_AGGRESSIVE;
				GCC_WARN_UNUSED_FUNCTION = YES;
				GCC_WARN_UNUSED_VARIABLE = YES;
				IPHONEOS_DEPLOYMENT_TARGET = 7.1;
				METAL_ENABLE_DEBUG_INFO = NO;
				SDKROOT = iphoneos;
				VALIDATE_PRODUCT = YES;
			};
			name = Release;
		};
		B22C4125197CC1BF00FE42F2 /* Debug */ = {
			isa = XCBuildConfiguration;
			buildSettings = {
				ASSETCATALOG_COMPILER_APPICON_NAME = AppIcon;
				ASSETCATALOG_COMPILER_LAUNCHIMAGE_NAME = LaunchImage;
				CODE_SIGN_IDENTITY = "iPhone Developer";
				"CODE_SIGN_IDENTITY[sdk=iphoneos*]" = "iPhone Developer";
				INFOPLIST_FILE = ToDoList/Info.plist;
				IPHONEOS_DEPLOYMENT_TARGET = 7.1;
				LD_RUNPATH_SEARCH_PATHS = "$(inherited) @executable_path/Frameworks";
				PRODUCT_NAME = "$(TARGET_NAME)";
				PROVISIONING_PROFILE = "";
			};
			name = Debug;
		};
		B22C4126197CC1BF00FE42F2 /* Release */ = {
			isa = XCBuildConfiguration;
			buildSettings = {
				ASSETCATALOG_COMPILER_APPICON_NAME = AppIcon;
				ASSETCATALOG_COMPILER_LAUNCHIMAGE_NAME = LaunchImage;
				CODE_SIGN_IDENTITY = "iPhone Developer";
				"CODE_SIGN_IDENTITY[sdk=iphoneos*]" = "iPhone Developer";
				INFOPLIST_FILE = ToDoList/Info.plist;
				IPHONEOS_DEPLOYMENT_TARGET = 7.1;
				LD_RUNPATH_SEARCH_PATHS = "$(inherited) @executable_path/Frameworks";
				PRODUCT_NAME = "$(TARGET_NAME)";
				PROVISIONING_PROFILE = "";
			};
			name = Release;
		};
		B22C4128197CC1BF00FE42F2 /* Debug */ = {
			isa = XCBuildConfiguration;
			buildSettings = {
				BUNDLE_LOADER = "$(BUILT_PRODUCTS_DIR)/ToDoList.app/ToDoList";
				FRAMEWORK_SEARCH_PATHS = (
					"$(SDKROOT)/Developer/Library/Frameworks",
					"$(inherited)",
				);
				GCC_PREPROCESSOR_DEFINITIONS = (
					"DEBUG=1",
					"$(inherited)",
				);
				INFOPLIST_FILE = ToDoListTests/Info.plist;
				LD_RUNPATH_SEARCH_PATHS = "$(inherited) @executable_path/Frameworks @loader_path/Frameworks";
				METAL_ENABLE_DEBUG_INFO = YES;
				PRODUCT_NAME = "$(TARGET_NAME)";
				TEST_HOST = "$(BUNDLE_LOADER)";
			};
			name = Debug;
		};
		B22C4129197CC1BF00FE42F2 /* Release */ = {
			isa = XCBuildConfiguration;
			buildSettings = {
				BUNDLE_LOADER = "$(BUILT_PRODUCTS_DIR)/ToDoList.app/ToDoList";
				FRAMEWORK_SEARCH_PATHS = (
					"$(SDKROOT)/Developer/Library/Frameworks",
					"$(inherited)",
				);
				INFOPLIST_FILE = ToDoListTests/Info.plist;
				LD_RUNPATH_SEARCH_PATHS = "$(inherited) @executable_path/Frameworks @loader_path/Frameworks";
				METAL_ENABLE_DEBUG_INFO = NO;
				PRODUCT_NAME = "$(TARGET_NAME)";
				TEST_HOST = "$(BUNDLE_LOADER)";
			};
			name = Release;
		};
/* End XCBuildConfiguration section */

/* Begin XCConfigurationList section */
		B22C4105197CC1BE00FE42F2 /* Build configuration list for PBXProject "ToDoList" */ = {
			isa = XCConfigurationList;
			buildConfigurations = (
				B22C4122197CC1BF00FE42F2 /* Debug */,
				B22C4123197CC1BF00FE42F2 /* Release */,
			);
			defaultConfigurationIsVisible = 0;
			defaultConfigurationName = Release;
		};
		B22C4124197CC1BF00FE42F2 /* Build configuration list for PBXNativeTarget "ToDoList" */ = {
			isa = XCConfigurationList;
			buildConfigurations = (
				B22C4125197CC1BF00FE42F2 /* Debug */,
				B22C4126197CC1BF00FE42F2 /* Release */,
			);
			defaultConfigurationIsVisible = 0;
			defaultConfigurationName = Release;
		};
		B22C4127197CC1BF00FE42F2 /* Build configuration list for PBXNativeTarget "ToDoListTests" */ = {
			isa = XCConfigurationList;
			buildConfigurations = (
				B22C4128197CC1BF00FE42F2 /* Debug */,
				B22C4129197CC1BF00FE42F2 /* Release */,
			);
			defaultConfigurationIsVisible = 0;
			defaultConfigurationName = Release;
		};
/* End XCConfigurationList section */
	};
	rootObject = B22C4102197CC1BE00FE42F2 /* Project object */;
}
